
Microsoft Visual Studio Solution File, Format Version 12.00
# Visual Studio Version 16
VisualStudioVersion = 16.0.32802.440
MinimumVisualStudioVersion = 10.0.40219.1
Project("{FAE04EC0-301F-11D3-BF4B-00C04F79EFBC}") = "0302hw", "0302hw\0302hw.csproj", "{6CDFBFC7-7CA9-4078-86D3-D8A697C72BB0}"
EndProject
Global
	GlobalSection(SolutionConfigurationPlatforms) = preSolution
		Debug|Any CPU = Debug|Any CPU
		Release|Any CPU = Release|Any CPU
	EndGlobalSection
	GlobalSection(ProjectConfigurationPlatforms) = postSolution
		{6CDFBFC7-7CA9-4078-86D3-D8A697C72BB0}.Debug|Any CPU.ActiveCfg = Debug|Any CPU
		{6CDFBFC7-7CA9-4078-86D3-D8A697C72BB0}.Debug|Any CPU.Build.0 = Debug|Any CPU
		{6CDFBFC7-7CA9-4078-86D3-D8A697C72BB0}.Release|Any CPU.ActiveCfg = Release|Any CPU
		{6CDFBFC7-7CA9-4078-86D3-D8A697C72BB0}.Release|Any CPU.Build.0 = Release|Any CPU
	EndGlobalSection
	GlobalSection(SolutionProperties) = preSolution
		HideSolutionNode = FALSE
	EndGlobalSection
	GlobalSection(ExtensibilityGlobals) = postSolution
		SolutionGuid = {1346C23D-1018-47BA-B4A9-7247B2B93251}
	EndGlobalSection
EndGlobal
